github.com/CloudyKit/fastprinter v0.0.0-20200109182630-33d98a066a53 h1:sR+/8Yb4slttB4vD+b9btVEnWgL3Q00OBTzVT8B9C0c=
github.com/CloudyKit/fastprinter v0.0.0-20200109182630-33d98a066a53/go.mod h1:+3IMCy2vIlbG1XG/0ggNQv0SvxCAIpPM5b1nCz56Xno=
github.com/CloudyKit/jet/v6 v6.2.0 h1:EpcZ6SR9n28BUGtNJSvlBqf90IpjeFr36Tizxhn/oME=
github.com/CloudyKit/jet/v6 v6.2.0/go.mod h1:d3ypHeIRNo2+XyqnGA8s+aphtcVpjP5hPwP/Lzo7Ro4=
github.com/davecgh/go-spew v1.1.1 h1:vj9j/u1bqnvCEfJOwUhtlOARqs3+rkHYY13jYWTU97c=
github.com/davecgh/go-spew v1.1.1/go.mod h1:J7Y8YcW2NihsgmVo/mv3lAwl/skON4iLHjSsI+c5H38=
github.com/fatih/color v1.15.0 h1:kOqh6YHBtK8aywxGerMG2Eq3H6Qgoqeo13Bk2Mv/nBs=
github.com/fatih/color v1.15.0/go.mod h1:0h5ZqXfHYED7Bhv2ZJamyIOUej9KtShiJESRwBDUSsw=
github.com/fatih/structtag v1.2.0 h1:/OdNE99OxoI/PqaW/SuSK9uxxT3f/tcSZgon/ssNSx4=
github.com/fatih/structtag v1.2.0/go.mod h1:mBJUNpUnHmRKrKlQQlmCrh5PuhftFbNv8Ys4/aAZl94=
github.com/gookit/color v1.5.3 h1:twfIhZs4QLCtimkP7MOxlF3A0U/5cDPseRT9M/+2SCE=
github.com/gookit/color v1.5.3/go.mod h1:NUzwzeehUfl7GIb36pqId+UGmRfQcU/WiiyTTeNjHtE=
github.com/iancoleman/strcase v0.2.0 h1:05I4QRnGpI0m37iZQRuskXh+w77mr6Z41lwQzuHLwW0=
github.com/iancoleman/strcase v0.2.0/go.mod h1:iwCmte+B7n89clKwxIoIXy/HfoL7AsD47ZCWhYzw7ho=
github.com/julienschmidt/httprouter v1.3.0 h1:U0609e9tgbseu3rBINet9P48AI/D3oJs4dN7jwJOQ1U=
github.com/julienschmidt/httprouter v1.3.0/go.mod h1:JR6WtHb+2LUe8TCKY3cZOxFyyO8IZAc4RVcycCCAKdM=
github.com/lovego/date v0.0.2 h1:CspWMv90bY/5hAHEgDuWZNd6a/GOfVnoEEvDeZmyJbs=
github.com/lovego/date v0.0.2/go.mod h1:wzY5dhOOmHD79SMuThTimEFopT6oZYRiSMv4bkBiw3Q=
github.com/lovego/errs v0.0.2 h1:T2ZMIaSvfH/H66Twea/xX9UA/hfeqQkzvftrce/RgJY=
github.com/lovego/errs v0.0.2/go.mod h1:ghGAxm7RQySjaQ7+H0qWei20i/KcIGsyD4XZnj4tK/0=
github.com/lovego/fs v0.0.2 h1:hmSCMqssKHUpuKniRAd0GapY9706AeRT+LrMSihO3sg=
github.com/lovego/fs v0.0.2/go.mod h1:rn6mRqNaC3noNNdckmOH0h9uvcka9JNvk1KbgZyh47Q=
github.com/lovego/jsondoc v0.0.1 h1:NWcJtdiJBYdB2tuacbWVm1eIG7WCUinbUMjfLrKwDyU=
github.com/lovego/jsondoc v0.0.1/go.mod h1:Cmsjt4rGMKWS3g4++qUwxazVa1PQ5bnDesWop68bjS0=
github.com/lovego/logger v0.0.1 h1:Sr4eR74YFgrUtoMvWV2Jn64pi9YfcjGC6a6uXv91Qkk=
github.com/lovego/logger v0.0.1/go.mod h1:4sDufT6c2yWdlUEIeiS1ivN8pIfVARiLRoqW4/TuPUg=
github.com/lovego/regex_tree v0.0.1 h1:YJQlQODOXYQ/ecYRhZ9NwzkqBsrkufKHcjBGLdizgQE=
github.com/lovego/regex_tree v0.0.1/go.mod h1:Yom1IFMTdVIYqw2iYIlJ2l1Ia3+DnmmaK3ONMkDb44I=
github.com/lovego/strs v0.0.1 h1:joX7JN3GOw1MRucPMBEhZrl23QCJjAbCZ6RP7uZkyss=
github.com/lovego/strs v0.0.1/go.mod h1:Ivt9jHXs/VOhRKPDDWeF2d1PUeR5wJdUKpmsnVCjoz8=
github.com/lovego/struct_tag v0.0.3 h1:7WDwH8jQv2hFFikoU05OdIOGS6riL2TEeGbminrY/+w=
github.com/lovego/struct_tag v0.0.3/go.mod h1:Q1otUkTCkcK/oo650zZiElIpQD2CAEJDZcjjhZ9aJnk=
github.com/lovego/structs v0.0.3 h1:zZCWfJAjr6GFnl9ZBb7BUwfXLt4GAWJ6mUdDfXgzgBA=
github.com/lovego/structs v0.0.3/go.mod h1:XsHdgZPde3XDzk3eJ49xfBSk2q+6nmYzrWK93sN7PQQ=
github.com/lovego/tracer v0.0.1 h1:NAggoG9bu9JrgSFOUPmZBmshmT7myOFAIy1zWeNNt9o=
github.com/lovego/tracer v0.0.1/go.mod h1:cqfr/BqdkspXnph/SO8AOt58d+ziUGEzzM3OXMtI0rc=
github.com/mattn/go-colorable v0.1.13 h1:fFA4WZxdEF4tXPZVKMLwD8oUnCTTo08duU7wxecdEvA=
github.com/mattn/go-colorable v0.1.13/go.mod h1:7S9/ev0klgBDR4GtXTXX8a3vIGJpMovkB8vQcUbaXHg=
github.com/mattn/go-isatty v0.0.16/go.mod h1:kYGgaQfpe5nmfYZH+SKPsOc2e4SrIfOl2e/yFXSvRLM=
github.com/mattn/go-isatty v0.0.17 h1:BTarxUcIeDqL27Mc+vyvdWYSL28zpIhv3RoTdsLMPng=
github.com/mattn/go-isatty v0.0.17/go.mod h1:kYGgaQfpe5nmfYZH+SKPsOc2e4SrIfOl2e/yFXSvRLM=
github.com/pmezard/go-difflib v1.0.0 h1:4DBwDE0NGyQoBHbLQYPwSUPoCMWR5BEzIk/f1lZbAQM=
github.com/pmezard/go-difflib v1.0.0/go.mod h1:iKH77koFhYxTK1pcRnkKkqfTogsbg7gZNVY4sRDYZ/4=
github.com/stretchr/testify v1.8.4 h1:CcVxjf3Q8PM0mHUKJCdn+eZZtm5yQwehR5yeSVQQcUk=
github.com/stretchr/testify v1.8.4/go.mod h1:sz/lmYIOXD/1dqDmKjjqLyZ2RngseejIcXlSw2iwfAo=
github.com/xo/terminfo v0.0.0-20210125001918-ca9a967f8778 h1:QldyIu/L63oPpyvQmHgvgickp1Yw510KJOqX7H24mg8=
github.com/xo/terminfo v0.0.0-20210125001918-ca9a967f8778/go.mod h1:2MuV+tbUrU1zIOPMxZ5EncGwgmMJsa+9ucAQZXxsObs=
github.com/zeromicro/go-zero v1.5.3 h1:9poyd+raeL7gSMUu6P19N7bssTppieR2j7Oos2j1yFQ=
github.com/zeromicro/go-zero v1.5.3/go.mod h1:dmoBpgJTxt9KWmgrNGpv06XxZRPXMakrxUVgROFAR3g=
github.com/zeromicro/go-zero/tools/goctl v1.5.3 h1:B9yF77dg+fy6v8Bs81+C1pUJZHbcnkBWhxGPN85lxrM=
github.com/zeromicro/go-zero/tools/goctl v1.5.3/go.mod h1:IQF4oC6M1YHFWRSJJH8YzW5Q8LbXzUjtjay6R3+RLvc=
golang.org/x/sys v0.0.0-20220811171246-fbc7d0a398ab/go.mod h1:oPkhp1MJrh7nUepCBck5+mAzfO9JrbApNNgaTdGDITg=
golang.org/x/sys v0.8.0 h1:EBmGv8NaZBZTWvrbjNoL6HVt+IVy3QDQpJs7VRIw3tU=
golang.org/x/sys v0.8.0/go.mod h1:oPkhp1MJrh7nUepCBck5+mAzfO9JrbApNNgaTdGDITg=
golang.org/x/text v0.9.0 h1:2sjJmO8cDvYveuX97RDLsxlyUxLl+GHoLxBiRdHllBE=
golang.org/x/text v0.9.0/go.mod h1:e1OnstbJyHTd6l/uOt8jFFHp6TRDWZR/bV3emEE/zU8=
gopkg.in/check.v1 v0.0.0-20161208181325-20d25e280405 h1:yhCVgyC4o1eVCa2tZl7eS0r+SDo693bJlVdllGtEeKM=
gopkg.in/check.v1 v0.0.0-20161208181325-20d25e280405/go.mod h1:Co6ibVJAznAaIkqp8huTwlJQCZ016jof/cbN4VW5Yz0=
gopkg.in/yaml.v3 v3.0.1 h1:fxVm/GzAzEWqLHuvctI91KS9hhNmmWOoWu0XTYJS7CA=
gopkg.in/yaml.v3 v3.0.1/go.mod h1:K4uyk7z7BCEPqu6E+C64Yfv1cQ7kz7rIZviUmN+EgEM=
