bou.ke/monkey v1.0.2 h1:kWcnsrCNUatbxncxR/ThdYqbytgOIArtYWqcQLQzKLI=
bou.ke/monkey v1.0.2/go.mod h1:OqickVX3tNx6t33n1xvtTtu85YN5s6cKwVug+oHMaIA=
github.com/fatih/color v1.10.0 h1:s36xzo75JdqLaaWoiEHk767eHiwo0598uUxyfiPkDsg=
github.com/fatih/color v1.10.0/go.mod h1:ELkj/draVOlAH/xkhN6mQ50Qd0MPOk5AAr3maGEBuJM=
github.com/julienschmidt/httprouter v1.3.0 h1:U0609e9tgbseu3rBINet9P48AI/D3oJs4dN7jwJOQ1U=
github.com/julienschmidt/httprouter v1.3.0/go.mod h1:JR6WtHb+2LUe8TCKY3cZOxFyyO8IZAc4RVcycCCAKdM=
github.com/lovego/date v0.0.0-20200911055540-3565a62cb479 h1:74DRkcosqy8d0qQdUgdXo7HlmqbCa0pV2eoCM7lQT7U=
github.com/lovego/date v0.0.0-20200911055540-3565a62cb479/go.mod h1:dHef61fZ3P8JwWJvgK600bob+q2Guy1DnexxaXSqgNo=
github.com/lovego/date v0.0.1 h1:cC56eLFozfvUKQ21OH5+9RTu7nxyfdBd5CRTWe1aF04=
github.com/lovego/date v0.0.1/go.mod h1:dHef61fZ3P8JwWJvgK600bob+q2Guy1DnexxaXSqgNo=
github.com/lovego/errs v0.0.0-20200914124519-002655aaf593 h1:r7226H6FsObjjedOSIVC8iF0ueJBObYsF8oukgAQ6m0=
github.com/lovego/errs v0.0.0-20200914124519-002655aaf593/go.mod h1:FfIOS6S5g1NZl4X4jGnY5DifiOaKOpv4N9wZXUKej8k=
github.com/lovego/fs v0.0.1 h1:YaOX/k1nE/Iqw7aUbWyvz9Zwu1xBTLCvZSjnhvt4W/8=
github.com/lovego/fs v0.0.1/go.mod h1:rn6mRqNaC3noNNdckmOH0h9uvcka9JNvk1KbgZyh47Q=
github.com/lovego/fs v0.0.2 h1:hmSCMqssKHUpuKniRAd0GapY9706AeRT+LrMSihO3sg=
github.com/lovego/fs v0.0.2/go.mod h1:rn6mRqNaC3noNNdckmOH0h9uvcka9JNvk1KbgZyh47Q=
github.com/lovego/jsondoc v0.0.0-20200618111905-62f874c0453a h1:A+zOCDKe3+cFbraZChaFtxq1HHs6DA29D2FfbsbG0zY=
github.com/lovego/jsondoc v0.0.0-20200618111905-62f874c0453a/go.mod h1:mfwxhCity8tzznk1e6O8KHp5MN2eVgEIo7LFaTSNC5E=
github.com/lovego/jsondoc v0.0.0-20210513062349-dc84f0529696 h1:wAJbDRIfJbiIhPovJeoDPFHHWBP+yc7nPCrNXaHK5PA=
github.com/lovego/jsondoc v0.0.0-20210513062349-dc84f0529696/go.mod h1:pJ1gUCK3Vt7KZJoYkujVp+RElqZ/Psgkdempx67nC/8=
github.com/lovego/logger v0.0.0-20200804041111-ab21de5d5a74 h1:rj+TqKUL0gV7EKww+ZN/PYYlMR62SZCX0qFrkVyWLSc=
github.com/lovego/logger v0.0.0-20200804041111-ab21de5d5a74/go.mod h1:uAHp76Nknc9tJbA2XKYQCUYqQR82udPAItcs/BtQDn4=
github.com/lovego/maps v0.0.0-20190404131308-5c14106deb1f h1:ddyIZqaD9In5hDtB5eDgUr04JjBp0cpN3XPzS22kREc=
github.com/lovego/maps v0.0.0-20190404131308-5c14106deb1f/go.mod h1:7hsF4cgdpLGo+c6/0bQAKi14FnRIqmFu2bfAHKdQuG8=
github.com/lovego/regex_tree v0.0.0-20201024082014-ed2a66f4b888 h1:K53qtMNgslDpOiVU/dM+0SgxOQhCNerHSYtiVM6xrjs=
github.com/lovego/regex_tree v0.0.0-20201024082014-ed2a66f4b888/go.mod h1:EyRae8Bzxiu365gWzB4xDtYF+72btiDP1LfXhTibiSM=
github.com/lovego/strs v0.0.0-20200806061622-587de9a27e5c h1:nNif2nzOnIQhoWRjkU3zfa/MZLBaA8mzIfIEpTkc1hI=
github.com/lovego/strs v0.0.0-20200806061622-587de9a27e5c/go.mod h1:YgXHmoSkZdN/hEzZ0LszKnvz8JHP9oSXbHvkrE/8ZiI=
github.com/lovego/struct_tag v0.0.0-20200821111615-1a11055a2d31 h1:ivs6MCONAgAxVwtFzw076W2Y71Ey3JvXoq84QlDyyDs=
github.com/lovego/struct_tag v0.0.0-20200821111615-1a11055a2d31/go.mod h1:2Y5edfo2L39OxqqJqk0w67T136Njegcfi6YeOCbEkng=
github.com/lovego/structs v0.0.0-20210207031546-7db08510750d h1:jSrxw9x99zDZ5OLp63KVqw4oFMg5+/NS9dZumaDPJF8=
github.com/lovego/structs v0.0.0-20210207031546-7db08510750d/go.mod h1:pQsJc6Te//8NDwEMvPHjB6o25Ghr8ahkxtxwHtpKkIM=
github.com/lovego/tracer v0.0.0-20200207073659-f9fecb73b19f h1:ojEisTS/YwLIB82lLXE62LqIDAreD37kFJdg9b+Olmc=
github.com/lovego/tracer v0.0.0-20200207073659-f9fecb73b19f/go.mod h1:aKGpzdC+2JKu/90fy95JH9Ndaske6mVUEpwMW6rsvMo=
github.com/mattn/go-colorable v0.1.8 h1:c1ghPdyEDarC70ftn0y+A/Ee++9zz8ljHG1b13eJ0s8=
github.com/mattn/go-colorable v0.1.8/go.mod h1:u6P/XSegPjTcexA+o6vUJrdnUu04hMope9wVRipJSqc=
github.com/mattn/go-isatty v0.0.12 h1:wuysRhFDzyxgEmMf5xjvJ2M9dZoWAXNNr5LSBS7uHXY=
github.com/mattn/go-isatty v0.0.12/go.mod h1:cbi8OIDigv2wuxKPP5vlRcQ1OAZbq2CE4Kysco4FUpU=
golang.org/x/sys v0.0.0-20200116001909-b77594299b42/go.mod h1:h1NjWce9XRLGQEsW7wpKNCjG9DtNlClVuFLEZdDNbEs=
golang.org/x/sys v0.0.0-20200223170610-d5e6a3e2c0ae h1:/WDfKMnPU+m5M4xB+6x4kaepxRw6jWvR5iDRdvjHgy8=
golang.org/x/sys v0.0.0-20200223170610-d5e6a3e2c0ae/go.mod h1:h1NjWce9XRLGQEsW7wpKNCjG9DtNlClVuFLEZdDNbEs=
