github.com/CloudyKit/fastprinter v0.0.0-20200109182630-33d98a066a53 h1:sR+/8Yb4slttB4vD+b9btVEnWgL3Q00OBTzVT8B9C0c=
github.com/CloudyKit/fastprinter v0.0.0-20200109182630-33d98a066a53/go.mod h1:+3IMCy2vIlbG1XG/0ggNQv0SvxCAIpPM5b1nCz56Xno=
github.com/CloudyKit/jet/v6 v6.2.0 h1:EpcZ6SR9n28BUGtNJSvlBqf90IpjeFr36Tizxhn/oME=
github.com/CloudyKit/jet/v6 v6.2.0/go.mod h1:d3ypHeIRNo2+XyqnGA8s+aphtcVpjP5hPwP/Lzo7Ro4=
github.com/fatih/color v1.8.0 h1:5bzFgL+oy7JITMTxUPJ00n7VxmYd/PdMp5mHFX40/RY=
github.com/fatih/color v1.8.0/go.mod h1:3l45GVGkyrnYNl9HoIjnp2NnNWvh6hLAqD8yTfGjnw8=
github.com/iancoleman/strcase v0.2.0 h1:05I4QRnGpI0m37iZQRuskXh+w77mr6Z41lwQzuHLwW0=
github.com/iancoleman/strcase v0.2.0/go.mod h1:iwCmte+B7n89clKwxIoIXy/HfoL7AsD47ZCWhYzw7ho=
github.com/julienschmidt/httprouter v1.3.0 h1:U0609e9tgbseu3rBINet9P48AI/D3oJs4dN7jwJOQ1U=
github.com/julienschmidt/httprouter v1.3.0/go.mod h1:JR6WtHb+2LUe8TCKY3cZOxFyyO8IZAc4RVcycCCAKdM=
github.com/lovego/date v0.0.2 h1:CspWMv90bY/5hAHEgDuWZNd6a/GOfVnoEEvDeZmyJbs=
github.com/lovego/date v0.0.2/go.mod h1:wzY5dhOOmHD79SMuThTimEFopT6oZYRiSMv4bkBiw3Q=
github.com/lovego/errs v0.0.2 h1:T2ZMIaSvfH/H66Twea/xX9UA/hfeqQkzvftrce/RgJY=
github.com/lovego/errs v0.0.2/go.mod h1:ghGAxm7RQySjaQ7+H0qWei20i/KcIGsyD4XZnj4tK/0=
github.com/lovego/fs v0.0.2 h1:hmSCMqssKHUpuKniRAd0GapY9706AeRT+LrMSihO3sg=
github.com/lovego/fs v0.0.2/go.mod h1:rn6mRqNaC3noNNdckmOH0h9uvcka9JNvk1KbgZyh47Q=
github.com/lovego/jsondoc v0.0.1 h1:NWcJtdiJBYdB2tuacbWVm1eIG7WCUinbUMjfLrKwDyU=
github.com/lovego/jsondoc v0.0.1/go.mod h1:Cmsjt4rGMKWS3g4++qUwxazVa1PQ5bnDesWop68bjS0=
github.com/lovego/logger v0.0.1 h1:Sr4eR74YFgrUtoMvWV2Jn64pi9YfcjGC6a6uXv91Qkk=
github.com/lovego/logger v0.0.1/go.mod h1:4sDufT6c2yWdlUEIeiS1ivN8pIfVARiLRoqW4/TuPUg=
github.com/lovego/regex_tree v0.0.1 h1:YJQlQODOXYQ/ecYRhZ9NwzkqBsrkufKHcjBGLdizgQE=
github.com/lovego/regex_tree v0.0.1/go.mod h1:Yom1IFMTdVIYqw2iYIlJ2l1Ia3+DnmmaK3ONMkDb44I=
github.com/lovego/strs v0.0.1 h1:joX7JN3GOw1MRucPMBEhZrl23QCJjAbCZ6RP7uZkyss=
github.com/lovego/strs v0.0.1/go.mod h1:Ivt9jHXs/VOhRKPDDWeF2d1PUeR5wJdUKpmsnVCjoz8=
github.com/lovego/struct_tag v0.0.3 h1:7WDwH8jQv2hFFikoU05OdIOGS6riL2TEeGbminrY/+w=
github.com/lovego/struct_tag v0.0.3/go.mod h1:Q1otUkTCkcK/oo650zZiElIpQD2CAEJDZcjjhZ9aJnk=
github.com/lovego/structs v0.0.3 h1:zZCWfJAjr6GFnl9ZBb7BUwfXLt4GAWJ6mUdDfXgzgBA=
github.com/lovego/structs v0.0.3/go.mod h1:XsHdgZPde3XDzk3eJ49xfBSk2q+6nmYzrWK93sN7PQQ=
github.com/lovego/tracer v0.0.1 h1:NAggoG9bu9JrgSFOUPmZBmshmT7myOFAIy1zWeNNt9o=
github.com/lovego/tracer v0.0.1/go.mod h1:cqfr/BqdkspXnph/SO8AOt58d+ziUGEzzM3OXMtI0rc=
github.com/mattn/go-colorable v0.0.9/go.mod h1:9vuHe8Xs5qXnSaW/c/ABM9alt+Vo+STaOChaDxuIBZU=
github.com/mattn/go-colorable v0.1.0 h1:v2XXALHHh6zHfYTJ+cSkwtyffnaOyR1MXaA91mTrb8o=
github.com/mattn/go-colorable v0.1.0/go.mod h1:9vuHe8Xs5qXnSaW/c/ABM9alt+Vo+STaOChaDxuIBZU=
github.com/mattn/go-isatty v0.0.3/go.mod h1:M+lRXTBqGeGNdLjl/ufCoiOlB5xdOkqRJdNxMWT7Zi4=
github.com/mattn/go-isatty v0.0.4 h1:bnP0vzxcAdeI1zdubAl5PjU6zsERjGZb7raWodagDYs=
github.com/mattn/go-isatty v0.0.4/go.mod h1:M+lRXTBqGeGNdLjl/ufCoiOlB5xdOkqRJdNxMWT7Zi4=
golang.org/x/sys v0.0.0-20180202135801-37707fdb30a5/go.mod h1:STP8DvDyc/dI5b8T5hshtkjS+E42TnysNCUPdjciGhY=
golang.org/x/sys v0.0.0-20190215142949-d0b11bdaac8a h1:1BGLXjeY4akVXGgbC9HugT3Jv3hCI0z56oJR5vAMgBU=
golang.org/x/sys v0.0.0-20190215142949-d0b11bdaac8a/go.mod h1:STP8DvDyc/dI5b8T5hshtkjS+E42TnysNCUPdjciGhY=
